Microsoft Visual Studio Solution File, Format Version 12.00
# Visual Studio 15
VisualStudioVersion = 15.0.27130.2020
MinimumVisualStudioVersion = 10.0.40219.1
Project("{FAE04EC0-301F-11D3-BF4B-00C04F79EFBC}") = "How to Add and Remove Rows in Code", "How to Add and Remove Rows in Code\How to Add and Remove Rows in Code.csproj", "{19C9F1C3-B467-4BC4-9E5D-EDE07DCD8094}"
EndProject
Global
	GlobalSection(SolutionConfigurationPlatforms) = preSolution
		Debug|Any CPU = Debug|Any CPU
		Release|Any CPU = Release|Any CPU
	EndGlobalSection
	GlobalSection(ProjectConfigurationPlatforms) = postSolution
		{19C9F1C3-B467-4BC4-9E5D-EDE07DCD8094}.Debug|Any CPU.ActiveCfg = Debug|x86
		{19C9F1C3-B467-4BC4-9E5D-EDE07DCD8094}.Debug|Any CPU.Build.0 = Debug|x86
		{19C9F1C3-B467-4BC4-9E5D-EDE07DCD8094}.Release|Any CPU.ActiveCfg = Release|Any CPU
		{19C9F1C3-B467-4BC4-9E5D-EDE07DCD8094}.Release|Any CPU.Build.0 = Release|Any CPU
	EndGlobalSection
	GlobalSection(SolutionProperties) = preSolution
		HideSolutionNode = FALSE
	EndGlobalSection
	GlobalSection(ExtensibilityGlobals) = postSolution
		SolutionGuid = {67EF888A-2C22-4819-8F59-FBBA33DBA461}
	EndGlobalSection
EndGlobal
